github.com/davecgh/go-spew v1.1.1/go.mod h1:J7Y8YcW2NihsgmVo/mv3lAwl/skON4iLHjSsI+c5H38=
github.com/getcasa/sdk v0.0.0-20190603134752-4b316878fca0 h1:4G8Ok0YhMKXG8gECIBD4EjewKmqCRL6Kp9fcUiCs+/Q=
github.com/getcasa/sdk v0.0.0-20190603134752-4b316878fca0/go.mod h1:mjoGAmjNYGGUiTi3/4sEY5+MnOLcnaGV4evYJ6+5o4g=
github.com/getcasa/sdk v0.0.0-20190923145410-20bbee062dc8 h1:Ssm7BqTzzvdj0ZsvZ2bP8Jpq5JsyzJ6cDW8ytGZtyEE=
github.com/getcasa/sdk v0.0.0-20190923145410-20bbee062dc8/go.mod h1:mjoGAmjNYGGUiTi3/4sEY5+MnOLcnaGV4evYJ6+5o4g=
github.com/konsorten/go-windows-terminal-sequences v1.0.1/go.mod h1:T0+1ngSBFLxvqU3pZ+m/2kptfBszLMUkC4ZK/EgS/cQ=
github.com/pmezard/go-difflib v1.0.0/go.mod h1:iKH77koFhYxTK1pcRnkKkqfTogsbg7gZNVY4sRDYZ/4=
github.com/pulento/go-ssdp v0.0.0-20180514024734-4a0ed625a78b h1:/QhDWrRS3S+FFC+Abb+14NwMuQ70Vh7l7fRxrR/T3B0=
github.com/pulento/go-ssdp v0.0.0-20180514024734-4a0ed625a78b/go.mod h1:ZuBVGE8Xi/IM4GstN4ujsnlce90pur9XrhyrWmOD6DA=
github.com/pulento/yeelight v0.0.0-20180827013714-e72aa2e3c4ef h1:3D47Jn2CxZG1ici9pZnhIjT+wnTO2a4X1pdJHuhq2yU=
github.com/pulento/yeelight v0.0.0-20180827013714-e72aa2e3c4ef/go.mod h1:xS7UrwGGyhW9P38DmN8A+bt3cq5jVRnusDQL5riiw4o=
github.com/sirupsen/logrus v1.4.2 h1:SPIRibHv4MatM3XXNO2BJeFLZwZ2LvZgfQ5+UNI2im4=
github.com/sirupsen/logrus v1.4.2/go.mod h1:tLMulIdttU9McNUspp0xgXVQah82FyeX6MwdIuYE2rE=
github.com/stretchr/objx v0.1.1/go.mod h1:HFkY916IF+rwdDfMAkV7OtwuqBVzrE8GR6GFx+wExME=
github.com/stretchr/testify v1.2.2/go.mod h1:a8OnRcib4nhh0OaRAV+Yts87kKdq0PP7pXfy6kDkUVs=
golang.org/x/crypto v0.0.0-20190308221718-c2843e01d9a2/go.mod h1:djNgcEr1/C05ACkg1iLfiJU5Ep61QUkGW8qpdssI0+w=
golang.org/x/net v0.0.0-20190923162816-aa69164e4478 h1:l5EDrHhldLYb3ZRHDUhXF7Om7MvYXnkV9/iQNo1lX6g=
golang.org/x/net v0.0.0-20190923162816-aa69164e4478/go.mod h1:z5CRVTTTmAJ677TzLLGU+0bjPO0LkuOLi4/5GtJWs/s=
golang.org/x/sys v0.0.0-20190215142949-d0b11bdaac8a/go.mod h1:STP8DvDyc/dI5b8T5hshtkjS+E42TnysNCUPdjciGhY=
golang.org/x/sys v0.0.0-20190422165155-953cdadca894 h1:Cz4ceDQGXuKRnVBDTS23GTn/pU5OE2C0WrNTOYK1Uuc=
golang.org/x/sys v0.0.0-20190422165155-953cdadca894/go.mod h1:h1NjWce9XRLGQEsW7wpKNCjG9DtNlClVuFLEZdDNbEs=
golang.org/x/text v0.3.0/go.mod h1:NqM8EUOU14njkJ3fqMW+pc6Ldnwhi/IjpwHt7yyuwOQ=
